
Microsoft Visual Studio Solution File, Format Version 12.00
# Visual Studio Version 17
VisualStudioVersion = 17.6.33829.357
MinimumVisualStudioVersion = 10.0.40219.1
Project("{FAE04EC0-301F-11D3-BF4B-00C04F79EFBC}") = "CRUD", "CRUD.csproj", "{5B0C30B6-7AD5-4CD0-950D-A9658038812D}"
EndProject
Global
	GlobalSection(SolutionConfigurationPlatforms) = preSolution
		Debug|Any CPU = Debug|Any CPU
		Release|Any CPU = Release|Any CPU
	EndGlobalSection
	GlobalSection(ProjectConfigurationPlatforms) = postSolution
		{5B0C30B6-7AD5-4CD0-950D-A9658038812D}.Debug|Any CPU.ActiveCfg = Debug|Any CPU
		{5B0C30B6-7AD5-4CD0-950D-A9658038812D}.Debug|Any CPU.Build.0 = Debug|Any CPU
		{5B0C30B6-7AD5-4CD0-950D-A9658038812D}.Release|Any CPU.ActiveCfg = Release|Any CPU
		{5B0C30B6-7AD5-4CD0-950D-A9658038812D}.Release|Any CPU.Build.0 = Release|Any CPU
	EndGlobalSection
	GlobalSection(SolutionProperties) = preSolution
		HideSolutionNode = FALSE
	EndGlobalSection
	GlobalSection(ExtensibilityGlobals) = postSolution
		SolutionGuid = {CFBFE817-A110-4F40-83DC-4CC7D5B23824}
	EndGlobalSection
EndGlobal
